
Microsoft Visual Studio Solution File, Format Version 12.00
# Visual Studio Version 17
VisualStudioVersion = 17.0.31903.59
MinimumVisualStudioVersion = 10.0.40219.1
Project("{2150E333-8FDC-42A3-9474-1A3956D46DE8}") = "src", "src", "{E4BB6627-90E2-43C2-B346-E9EA65C79FA4}"
EndProject
Project("{FAE04EC0-301F-11D3-BF4B-00C04F79EFBC}") = "Infrastructure", "src\Infrastructure\Infrastructure.csproj", "{64D750E5-E6EB-4213-A332-CC4CBBD7C4CD}"
EndProject
Project("{FAE04EC0-301F-11D3-BF4B-00C04F79EFBC}") = "Domain", "src\Domain\Domain.csproj", "{872806E5-F99C-4A22-A2E0-61D2B9D7BE06}"
EndProject
Project("{FAE04EC0-301F-11D3-BF4B-00C04F79EFBC}") = "Application", "src\Application\Application.csproj", "{21705799-31B4-45BE-8D32-6E4F5402FDBD}"
EndProject
Project("{FAE04EC0-301F-11D3-BF4B-00C04F79EFBC}") = "Api", "src\Api\Api.csproj", "{2A1B4CEE-03F6-437F-AD4E-5AF7B091B7E9}"
EndProject
Project("{2150E333-8FDC-42A3-9474-1A3956D46DE8}") = "test", "test", "{61E2371B-301A-453A-89E6-8E6E3B31085F}"
EndProject
Project("{FAE04EC0-301F-11D3-BF4B-00C04F79EFBC}") = "Api.Test", "test\Api.Test\Api.Test.csproj", "{3E7F0550-AA57-4DC2-B345-FE811E24BD48}"
EndProject
Project("{FAE04EC0-301F-11D3-BF4B-00C04F79EFBC}") = "Domain.Test", "test\Domain.Test\Domain.Test.csproj", "{CBADE52E-5746-4E60-ADC4-687E2D442EF7}"
EndProject
Global
	GlobalSection(SolutionConfigurationPlatforms) = preSolution
		Debug|Any CPU = Debug|Any CPU
		Release|Any CPU = Release|Any CPU
	EndGlobalSection
	GlobalSection(SolutionProperties) = preSolution
		HideSolutionNode = FALSE
	EndGlobalSection
	GlobalSection(ProjectConfigurationPlatforms) = postSolution
		{64D750E5-E6EB-4213-A332-CC4CBBD7C4CD}.Debug|Any CPU.ActiveCfg = Debug|Any CPU
		{64D750E5-E6EB-4213-A332-CC4CBBD7C4CD}.Debug|Any CPU.Build.0 = Debug|Any CPU
		{64D750E5-E6EB-4213-A332-CC4CBBD7C4CD}.Release|Any CPU.ActiveCfg = Release|Any CPU
		{64D750E5-E6EB-4213-A332-CC4CBBD7C4CD}.Release|Any CPU.Build.0 = Release|Any CPU
		{872806E5-F99C-4A22-A2E0-61D2B9D7BE06}.Debug|Any CPU.ActiveCfg = Debug|Any CPU
		{872806E5-F99C-4A22-A2E0-61D2B9D7BE06}.Debug|Any CPU.Build.0 = Debug|Any CPU
		{872806E5-F99C-4A22-A2E0-61D2B9D7BE06}.Release|Any CPU.ActiveCfg = Release|Any CPU
		{872806E5-F99C-4A22-A2E0-61D2B9D7BE06}.Release|Any CPU.Build.0 = Release|Any CPU
		{21705799-31B4-45BE-8D32-6E4F5402FDBD}.Debug|Any CPU.ActiveCfg = Debug|Any CPU
		{21705799-31B4-45BE-8D32-6E4F5402FDBD}.Debug|Any CPU.Build.0 = Debug|Any CPU
		{21705799-31B4-45BE-8D32-6E4F5402FDBD}.Release|Any CPU.ActiveCfg = Release|Any CPU
		{21705799-31B4-45BE-8D32-6E4F5402FDBD}.Release|Any CPU.Build.0 = Release|Any CPU
		{2A1B4CEE-03F6-437F-AD4E-5AF7B091B7E9}.Debug|Any CPU.ActiveCfg = Debug|Any CPU
		{2A1B4CEE-03F6-437F-AD4E-5AF7B091B7E9}.Debug|Any CPU.Build.0 = Debug|Any CPU
		{2A1B4CEE-03F6-437F-AD4E-5AF7B091B7E9}.Release|Any CPU.ActiveCfg = Release|Any CPU
		{2A1B4CEE-03F6-437F-AD4E-5AF7B091B7E9}.Release|Any CPU.Build.0 = Release|Any CPU
		{3E7F0550-AA57-4DC2-B345-FE811E24BD48}.Debug|Any CPU.ActiveCfg = Debug|Any CPU
		{3E7F0550-AA57-4DC2-B345-FE811E24BD48}.Debug|Any CPU.Build.0 = Debug|Any CPU
		{3E7F0550-AA57-4DC2-B345-FE811E24BD48}.Release|Any CPU.ActiveCfg = Release|Any CPU
		{3E7F0550-AA57-4DC2-B345-FE811E24BD48}.Release|Any CPU.Build.0 = Release|Any CPU
		{CBADE52E-5746-4E60-ADC4-687E2D442EF7}.Debug|Any CPU.ActiveCfg = Debug|Any CPU
		{CBADE52E-5746-4E60-ADC4-687E2D442EF7}.Debug|Any CPU.Build.0 = Debug|Any CPU
		{CBADE52E-5746-4E60-ADC4-687E2D442EF7}.Release|Any CPU.ActiveCfg = Release|Any CPU
		{CBADE52E-5746-4E60-ADC4-687E2D442EF7}.Release|Any CPU.Build.0 = Release|Any CPU
	EndGlobalSection
	GlobalSection(NestedProjects) = preSolution
		{64D750E5-E6EB-4213-A332-CC4CBBD7C4CD} = {E4BB6627-90E2-43C2-B346-E9EA65C79FA4}
		{872806E5-F99C-4A22-A2E0-61D2B9D7BE06} = {E4BB6627-90E2-43C2-B346-E9EA65C79FA4}
		{21705799-31B4-45BE-8D32-6E4F5402FDBD} = {E4BB6627-90E2-43C2-B346-E9EA65C79FA4}
		{2A1B4CEE-03F6-437F-AD4E-5AF7B091B7E9} = {E4BB6627-90E2-43C2-B346-E9EA65C79FA4}
		{3E7F0550-AA57-4DC2-B345-FE811E24BD48} = {61E2371B-301A-453A-89E6-8E6E3B31085F}
		{CBADE52E-5746-4E60-ADC4-687E2D442EF7} = {61E2371B-301A-453A-89E6-8E6E3B31085F}
	EndGlobalSection
EndGlobal
